
Microsoft Visual Studio Solution File, Format Version 12.00
# Visual Studio Version 17
VisualStudioVersion = 17.11.35219.272
MinimumVisualStudioVersion = 10.0.40219.1
Project("{FAE04EC0-301F-11D3-BF4B-00C04F79EFBC}") = "WebApplication1", "WebApplication1.csproj", "{2831BA13-4EEC-474D-BB5D-C0386D49551A}"
EndProject
Global
	GlobalSection(SolutionConfigurationPlatforms) = preSolution
		Debug|Any CPU = Debug|Any CPU
		Release|Any CPU = Release|Any CPU
	EndGlobalSection
	GlobalSection(ProjectConfigurationPlatforms) = postSolution
		{2831BA13-4EEC-474D-BB5D-C0386D49551A}.Debug|Any CPU.ActiveCfg = Debug|Any CPU
		{2831BA13-4EEC-474D-BB5D-C0386D49551A}.Debug|Any CPU.Build.0 = Debug|Any CPU
		{2831BA13-4EEC-474D-BB5D-C0386D49551A}.Release|Any CPU.ActiveCfg = Release|Any CPU
		{2831BA13-4EEC-474D-BB5D-C0386D49551A}.Release|Any CPU.Build.0 = Release|Any CPU
	EndGlobalSection
	GlobalSection(SolutionProperties) = preSolution
		HideSolutionNode = FALSE
	EndGlobalSection
	GlobalSection(ExtensibilityGlobals) = postSolution
		SolutionGuid = {6DD0BFEC-7E34-4476-898D-EADDD4A4303E}
	EndGlobalSection
EndGlobal
